
Microsoft Visual Studio Solution File, Format Version 12.00
# Visual Studio Version 17
VisualStudioVersion = 17.8.34322.80
MinimumVisualStudioVersion = 10.0.40219.1
Project("{FAE04EC0-301F-11D3-BF4B-00C04F79EFBC}") = "JetRecipe", "JetRecipe\JetRecipe.csproj", "{4F690947-4C41-4E88-ADCE-CC0FCEF1A459}"
EndProject
Global
	GlobalSection(SolutionConfigurationPlatforms) = preSolution
		Debug|Any CPU = Debug|Any CPU
		Release|Any CPU = Release|Any CPU
	EndGlobalSection
	GlobalSection(ProjectConfigurationPlatforms) = postSolution
		{4F690947-4C41-4E88-ADCE-CC0FCEF1A459}.Debug|Any CPU.ActiveCfg = Debug|Any CPU
		{4F690947-4C41-4E88-ADCE-CC0FCEF1A459}.Debug|Any CPU.Build.0 = Debug|Any CPU
		{4F690947-4C41-4E88-ADCE-CC0FCEF1A459}.Release|Any CPU.ActiveCfg = Release|Any CPU
		{4F690947-4C41-4E88-ADCE-CC0FCEF1A459}.Release|Any CPU.Build.0 = Release|Any CPU
	EndGlobalSection
	GlobalSection(SolutionProperties) = preSolution
		HideSolutionNode = FALSE
	EndGlobalSection
	GlobalSection(ExtensibilityGlobals) = postSolution
		SolutionGuid = {2021E706-7D08-4338-90DA-1760FFC0ED94}
	EndGlobalSection
EndGlobal
